
Microsoft Visual Studio Solution File, Format Version 12.00
# Visual Studio Version 17
VisualStudioVersion = 17.6.33829.357
MinimumVisualStudioVersion = 10.0.40219.1
Project("{FAE04EC0-301F-11D3-BF4B-00C04F79EFBC}") = "CustomBearerMVC", "CustomBearerMVC\CustomBearerMVC.csproj", "{EC72D282-7497-45C6-A231-BEFBA14F663D}"
EndProject
Global
	GlobalSection(SolutionConfigurationPlatforms) = preSolution
		Debug|Any CPU = Debug|Any CPU
		Release|Any CPU = Release|Any CPU
	EndGlobalSection
	GlobalSection(ProjectConfigurationPlatforms) = postSolution
		{EC72D282-7497-45C6-A231-BEFBA14F663D}.Debug|Any CPU.ActiveCfg = Debug|Any CPU
		{EC72D282-7497-45C6-A231-BEFBA14F663D}.Debug|Any CPU.Build.0 = Debug|Any CPU
		{EC72D282-7497-45C6-A231-BEFBA14F663D}.Release|Any CPU.ActiveCfg = Release|Any CPU
		{EC72D282-7497-45C6-A231-BEFBA14F663D}.Release|Any CPU.Build.0 = Release|Any CPU
	EndGlobalSection
	GlobalSection(SolutionProperties) = preSolution
		HideSolutionNode = FALSE
	EndGlobalSection
	GlobalSection(ExtensibilityGlobals) = postSolution
		SolutionGuid = {0BEFA445-9C60-4F4A-800C-D3908AAD6477}
	EndGlobalSection
EndGlobal
